{
    "_meta": {
        "hash": {
            "sha256": "188cd1ca0bbfc16eb92896d1a8904ca94791e991712ee9f294867f0cd186f4ec"
        },
        "pipfile-spec": 6,
        "requires": {
            "python_version": "3.8"
        },
        "sources": [
            {
                "name": "pypi",
                "url": "https://pypi.org/simple",
                "verify_ssl": true
            }
        ]
    },
    "default": {
        "aiohttp": {
            "hashes": [
                "sha256:1e984191d1ec186881ffaed4581092ba04f7c61582a177b187d3a2f07ed9719e",
                "sha256:259ab809ff0727d0e834ac5e8a283dc5e3e0ecc30c4d80b3cd17a4139ce1f326",
                "sha256:2f4d1a4fdce595c947162333353d4a44952a724fba9ca3205a3df99a33d1307a",
                "sha256:32e5f3b7e511aa850829fbe5aa32eb455e5534eaa4b1ce93231d00e2f76e5654",
                "sha256:344c780466b73095a72c616fac5ea9c4665add7fc129f285fbdbca3cccf4612a",
                "sha256:460bd4237d2dbecc3b5ed57e122992f60188afe46e7319116da5eb8a9dfedba4",
                "sha256:4c6efd824d44ae697814a2a85604d8e992b875462c6655da161ff18fd4f29f17",
                "sha256:50aaad128e6ac62e7bf7bd1f0c0a24bc968a0c0590a726d5a955af193544bcec",
                "sha256:6206a135d072f88da3e71cc501c59d5abffa9d0bb43269a6dcd28d66bfafdbdd",
                "sha256:65f31b622af739a802ca6fd1a3076fd0ae523f8485c52924a89561ba10c49b48",
                "sha256:ae55bac364c405caa23a4f2d6cfecc6a0daada500274ffca4a9230e7129eac59",
                "sha256:b778ce0c909a2653741cb4b1ac7015b5c130ab9c897611df43ae6a58523cb965"
            ],
            "index": "pypi",
            "version": "==3.6.2"
        },
        "aioice": {
            "hashes": [
                "sha256:962192aa29c2bec1f1fdd86b58a431efe355394c86fad09beddc7094cd3d09ef",
                "sha256:c6ab906e4c71b91d89daf0bb161ed1b3cf0e8e9803f47cb7fe2ff2c942a0e428"
            ],
            "version": "==0.6.18"
        },
        "aiortc": {
            "hashes": [
                "sha256:68c0aad223de18fa778c49273adcc4527f651af8dd21e8944d5880b73136c21d"
            ],
            "index": "pypi",
            "version": "==0.9.27"
        },
        "async-timeout": {
            "hashes": [
                "sha256:0c3c816a028d47f659d6ff5c745cb2acf1f966da1fe5c19c77a70282b25f4c5f",
                "sha256:4291ca197d287d274d0b6cb5d6f8f8f82d434ed288f962539ff18cc9012f9ea3"
            ],
            "version": "==3.0.1"
        },
        "attrs": {
            "hashes": [
                "sha256:26b54ddbbb9ee1d34d5d3668dd37d6cf74990ab23c828c2888dccdceee395594",
                "sha256:fce7fc47dfc976152e82d53ff92fa0407700c21acd20886a13777a0d20e655dc"
            ],
            "version": "==20.2.0"
        },
        "av": {
            "hashes": [
                "sha256:fb13afa8967d112f3f78ee6ded1082546c32462dfdfa8dac81c9539f5bda0a83"
            ],
            "version": "==7.0.1"
        },
        "cffi": {
            "hashes": [
                "sha256:005f2bfe11b6745d726dbb07ace4d53f057de66e336ff92d61b8c7e9c8f4777d",
                "sha256:09e96138280241bd355cd585148dec04dbbedb4f46128f340d696eaafc82dd7b",
                "sha256:0b1ad452cc824665ddc682400b62c9e4f5b64736a2ba99110712fdee5f2505c4",
                "sha256:0ef488305fdce2580c8b2708f22d7785ae222d9825d3094ab073e22e93dfe51f",
                "sha256:15f351bed09897fbda218e4db5a3d5c06328862f6198d4fb385f3e14e19decb3",
                "sha256:22399ff4870fb4c7ef19fff6eeb20a8bbf15571913c181c78cb361024d574579",
                "sha256:23e5d2040367322824605bc29ae8ee9175200b92cb5483ac7d466927a9b3d537",
                "sha256:2791f68edc5749024b4722500e86303a10d342527e1e3bcac47f35fbd25b764e",
                "sha256:2f9674623ca39c9ebe38afa3da402e9326c245f0f5ceff0623dccdac15023e05",
                "sha256:3363e77a6176afb8823b6e06db78c46dbc4c7813b00a41300a4873b6ba63b171",
                "sha256:33c6cdc071ba5cd6d96769c8969a0531be2d08c2628a0143a10a7dcffa9719ca",
                "sha256:3b8eaf915ddc0709779889c472e553f0d3e8b7bdf62dab764c8921b09bf94522",
                "sha256:3cb3e1b9ec43256c4e0f8d2837267a70b0e1ca8c4f456685508ae6106b1f504c",
                "sha256:3eeeb0405fd145e714f7633a5173318bd88d8bbfc3dd0a5751f8c4f70ae629bc",
                "sha256:44f60519595eaca110f248e5017363d751b12782a6f2bd6a7041cba275215f5d",
                "sha256:4d7c26bfc1ea9f92084a1d75e11999e97b62d63128bcc90c3624d07813c52808",
                "sha256:529c4ed2e10437c205f38f3691a68be66c39197d01062618c55f74294a4a4828",
                "sha256:6642f15ad963b5092d65aed022d033c77763515fdc07095208f15d3563003869",
                "sha256:85ba797e1de5b48aa5a8427b6ba62cf69607c18c5d4eb747604b7302f1ec382d",
                "sha256:8f0f1e499e4000c4c347a124fa6a27d37608ced4fe9f7d45070563b7c4c370c9",
                "sha256:a624fae282e81ad2e4871bdb767e2c914d0539708c0f078b5b355258293c98b0",
                "sha256:b0358e6fefc74a16f745afa366acc89f979040e0cbc4eec55ab26ad1f6a9bfbc",
                "sha256:bbd2f4dfee1079f76943767fce837ade3087b578aeb9f69aec7857d5bf25db15",
                "sha256:bf39a9e19ce7298f1bd6a9758fa99707e9e5b1ebe5e90f2c3913a47bc548747c",
                "sha256:c11579638288e53fc94ad60022ff1b67865363e730ee41ad5e6f0a17188b327a",
                "sha256:c150eaa3dadbb2b5339675b88d4573c1be3cb6f2c33a6c83387e10cc0bf05bd3",
                "sha256:c53af463f4a40de78c58b8b2710ade243c81cbca641e34debf3396a9640d6ec1",
                "sha256:cb763ceceae04803adcc4e2d80d611ef201c73da32d8f2722e9d0ab0c7f10768",
                "sha256:cc75f58cdaf043fe6a7a6c04b3b5a0e694c6a9e24050967747251fb80d7bce0d",
                "sha256:d80998ed59176e8cba74028762fbd9b9153b9afc71ea118e63bbf5d4d0f9552b",
                "sha256:de31b5164d44ef4943db155b3e8e17929707cac1e5bd2f363e67a56e3af4af6e",
                "sha256:e66399cf0fc07de4dce4f588fc25bfe84a6d1285cc544e67987d22663393926d",
                "sha256:f0620511387790860b249b9241c2f13c3a80e21a73e0b861a2df24e9d6f56730",
                "sha256:f4eae045e6ab2bb54ca279733fe4eb85f1effda392666308250714e01907f394",
                "sha256:f92cdecb618e5fa4658aeb97d5eb3d2f47aa94ac6477c6daf0f306c5a3b9e6b1",
                "sha256:f92f789e4f9241cd262ad7a555ca2c648a98178a953af117ef7fad46aa1d5591"
            ],
            "version": "==1.14.3"
        },
        "chardet": {
            "hashes": [
                "sha256:84ab92ed1c4d4f16916e05906b6b75a6c0fb5db821cc65e70cbd64a3e2a5eaae",
                "sha256:fc323ffcaeaed0e0a02bf4d117757b98aed530d9ed4531e3e15460124c106691"
            ],
            "version": "==3.0.4"
        },
        "crc32c": {
            "hashes": [
                "sha256:0340b2e7bb84b172cda49f4225a0519ba6182f1d32dc9407db7722b612def3ca",
                "sha256:0971c5c88830cce293e5ae520eec15e5684e97fa944b97db48d83ddf26f48de1",
                "sha256:1335afa8c008902b9a62f4f946915a12ba55489cf0a88c79ff7a852fd01e3bf1",
                "sha256:145af9afe7b4251540c97683e64aa3789041f4d507b8a21f1e24efaded7034bc",
                "sha256:14fe935270b1fb6c474647c42f68e9389f6e3e56da218152e8a4a26f267f626e",
                "sha256:150aed5cca485f42446b74d6e894b0b7b605d691d07f60ab33978f5b4437b19b",
                "sha256:161bc716f199ac14b7d0dcc0ce4e7ceed5894162a1bc029b7009f5ab57f67156",
                "sha256:162e3dff47bd313b82f2553e49fbad371b12c315fc62ada48bac19623e1c2b0c",
                "sha256:186b32cedef12543b6e22bee9a19ff59f3952408d51844cbaa47490573fd3d91",
                "sha256:1b4b434d1ab650b46e9995fcff07349b0eefb61baf2d92b9cf0c579e5188267a",
                "sha256:1d381d509bffa7a06d998ac560d2212fd82b6425313f1001dc2e54cafdbfdf71",
                "sha256:1d90d4e3dae064715e5c730bdf69dbac0fd2d7b36b57c00381f920ecb0161854",
                "sha256:1dc03285b92fda24219c970ce4f6712a2e6b8021e39b9c5df6a288fed7f7d19a",
                "sha256:1fb8eb8f3ae14353eec59ca5740346bbda08f7b01f741f20a68301890ccc5580",
                "sha256:2643f63dc935260f017889010998cacb7d3a535b40164d688a428494396289b8",
                "sha256:414e767a851983a143b718a2dac0a53fdcefa4443737762914ba67deb4953db8",
                "sha256:47448165b0728f2ecd1cf42caee92d382c32753231a17f4b881f94e15394729f",
                "sha256:47a6ec123f0a736525f9949b8652ff2a415f38ab2c8ad86c4edb217f18f4b113",
                "sha256:49bd715b73f811a35973ad403701409fb9f0273b6f15a335bdd0561a3b93e664",
                "sha256:4aa8441d02985c93f9aae8aa3ad72d3c4b6524a3499338bbda92a6fe6f4e29da",
                "sha256:4aa8e5bce44fcf3486560a5576fe7fb8345ed1017cc660ae443d8347e15f9efb",
                "sha256:4c84dd684d7d69348bbe0e09d850b6418b7bf2bf64ab560ca113a9645aa4f3da",
                "sha256:51ee3a1aca37ac71ed8a2db7f254e9dd2c81b18788cdeb5f27c46c630d65942e",
                "sha256:51f991c4f63ba3cb055c4d735041e238a397c928c30d9444121f6c9e1b492cde",
                "sha256:531d031774d6e85301831fef434eb6ce8634f98646c34636aa3c93bb6a806a52",
                "sha256:582e99026273056f7d7a660b404681d404e546b9572d4d2da8acd980e56ab222",
                "sha256:587368f82a5b2d4151d084720395eaa43792448f6babe2bc6ab4c05826c78b50",
                "sha256:5a7c07503c39e88214fac8a7fdadebba97c42819b31e732997cce551b1147446",
                "sha256:5bfd2b54073b55dd9d1b9363a3c2dbcaaee673f1c1ca7ef46e5ca7074c777ce7",
                "sha256:5f5e488879b5016d19e09ce3821abef8531c8385bf5f81499ff9e78b5386ed1a",
                "sha256:61850f87faa088f0e52820d760ae0da5d700e84ebc6acf0937fb3536ab99571a",
                "sha256:71eb0cb3c648019d3d27cd843ed2c7ab2f75c57b47a1b3d8df67b2619249bda6",
                "sha256:781ef39d664a139f542c1964aeeae2e883bbd6b54098c7529e50a3ca3bd7fa8a",
                "sha256:80a8d41cac2caef82edf0edcc5433521c264692055e74ea284aa1558fd71ae1b",
                "sha256:85a2664f2ef34b0c4305e8d6d7f813032c5ceab23cb9f5aee0253f1785f67ba7",
                "sha256:9735e49fe8aec2d6e44e520d7bdce308f198678446fd19ee2b04aeb6473b8abd",
                "sha256:9a3b589f514386c22e39aaaabc5e667160f2a6337bc7206dd842cc40234c08b8",
                "sha256:9adcdce188d23fb9e046461a271b84f1ea177cd65fd87d7217bb309c33eabb2e",
                "sha256:9d6183be8f316a6e0d271e6b7bfec7c8e8a521ac14db38fbdfe26599e1c69e9e",
                "sha256:a50ad56567ee8af22b50abfa568526ac5f94f41b8336e69e9efae35b96baf769",
                "sha256:b8265afede8aeaf79cfffb6b315668cb6d4b6151cdc243f656e5149d2f534a5e",
                "sha256:b8382f3634610ec794f08e78b3ec8b54e46327d33cc913471bdd951e52884447",
                "sha256:c2586d8c44f4a4cc5875c01018fe0447a2d5032c00878d955f9c81d5216685a6",
                "sha256:cf7f9b79512553c4f7068b412c93978c7bb3eb83ef1f6340ada5289a8dd14620",
                "sha256:d19996c39fafcb54994a102d823aa0222e0de635cef527686b9cfd04c9aeb473",
                "sha256:d3cefc649901b53240af8e3d1957154206822240c4b95d10ed6a96af148a05be",
                "sha256:dac951b0e9ca4e33c978dfc318bc07df4f5acf45c72bcc462326411d284b153d",
                "sha256:e5b8134713db92d0d7f53cc6b415572ceac19ffb108fd57e304ccb179ec120b5",
                "sha256:e758995c390da5df1148588746e7fd7e318841f6b2259a8951ed7b0bbe82271a",
                "sha256:e9bc13221c1b8a06e136c7c6fc307054a5f86ac477803a5d6285368a5e1221aa",
                "sha256:ebaf2939b5dc46cc01065ff951c4c9da2bc08315f44972e5d0b3d743eb9f8cc4",
                "sha256:ec09ac42e92192cda944512e9a7ac3e4ac71dab92fe21d2c1de9064336ca15bc",
                "sha256:ef4afc420361bec4992c3643cd582299c5053a0c8c5d4d0bdc5a19c9fb2bd558",
                "sha256:f33fa5875797bd4342ca1c92e0dad0516f4e7b42fae85b6982aa9816b07dc039",
                "sha256:f453a8ab5915a675d10fc750f5176a190d83fe2e81d42784cfe0de3bd7c7adc0",
                "sha256:f55179d248021b62b2da7cebddea345c4b9b19890e109fdd64cdcdc6ffa542c5",
                "sha256:f570a1735af0afdffbd24ac062e82f652911a0cf2ba8ca4a9709bec66655d2c0",
                "sha256:f6b0b922446f502e88dbfda941dfb9a9ff9378b8677dc3e900de5a46a8e3eee8",
                "sha256:fe1714c521d8bd49637ecbca75920536c200735cbd192781cde8f16bf38d353a"
            ],
            "version": "==2.2"
        },
        "cryptography": {
            "hashes": [
                "sha256:22f8251f68953553af4f9c11ec5f191198bc96cff9f0ac5dd5ff94daede0ee6d",
                "sha256:284e275e3c099a80831f9898fb5c9559120d27675c3521278faba54e584a7832",
                "sha256:3e17d02941c0f169c5b877597ca8be895fca0e5e3eb882526a74aa4804380a98",
                "sha256:52a47e60953679eea0b4d490ca3c241fb1b166a7b161847ef4667dfd49e7699d",
                "sha256:57b8c1ed13b8aa386cabbfde3be175d7b155682470b0e259fecfe53850967f8a",
                "sha256:6a8f64ed096d13f92d1f601a92d9fd1f1025dc73a2ca1ced46dcf5e0d4930943",
                "sha256:6e8a3c7c45101a7eeee93102500e1b08f2307c717ff553fcb3c1127efc9b6917",
                "sha256:7ef41304bf978f33cfb6f43ca13bb0faac0c99cda33693aa20ad4f5e34e8cb8f",
                "sha256:87c2fffd61e934bc0e2c927c3764c20b22d7f5f7f812ee1a477de4c89b044ca6",
                "sha256:88069392cd9a1e68d2cfd5c3a2b0d72a44ef3b24b8977a4f7956e9e3c4c9477a",
                "sha256:8a0866891326d3badb17c5fd3e02c926b635e8923fa271b4813cd4d972a57ff3",
                "sha256:8f0fd8b0751d75c4483c534b209e39e918f0d14232c0d8a2a76e687f64ced831",
                "sha256:9a07e6d255053674506091d63ab4270a119e9fc83462c7ab1dbcb495b76307af",
                "sha256:9a8580c9afcdcddabbd064c0a74f337af74ff4529cdf3a12fa2e9782d677a2e5",
                "sha256:bd80bc156d3729b38cb227a5a76532aef693b7ac9e395eea8063ee50ceed46a5",
                "sha256:d1cbc3426e6150583b22b517ef3720036d7e3152d428c864ff0f3fcad2b97591",
                "sha256:e15ac84dcdb89f92424cbaca4b0b34e211e7ce3ee7b0ec0e4f3c55cee65fae5a",
                "sha256:e4789b84f8dedf190148441f7c5bfe7244782d9cbb194a36e17b91e7d3e1cca9",
                "sha256:f01c9116bfb3ad2831e125a73dcd957d173d6ddca7701528eff1e7d97972872c",
                "sha256:f0e3986f6cce007216b23c490f093f35ce2068f3c244051e559f647f6731b7ae",
                "sha256:f2aa3f8ba9e2e3fd49bd3de743b976ab192fbf0eb0348cebde5d2a9de0090a9f",
                "sha256:fb70a4cedd69dc52396ee114416a3656e011fb0311fca55eb55c7be6ed9c8aef"
            ],
            "index": "pypi",
            "version": "==3.2"
        },
        "idna": {
            "hashes": [
                "sha256:b307872f855b18632ce0c21c5e45be78c0ea7ae4c15c828c20788b26921eb3f6",
                "sha256:b97d804b1e9b523befed77c48dacec60e6dcb0b5391d57af6a65a312a90648c0"
            ],
            "version": "==2.10"
        },
        "multidict": {
            "hashes": [
                "sha256:1ece5a3369835c20ed57adadc663400b5525904e53bae59ec854a5d36b39b21a",
                "sha256:275ca32383bc5d1894b6975bb4ca6a7ff16ab76fa622967625baeebcf8079000",
                "sha256:3750f2205b800aac4bb03b5ae48025a64e474d2c6cc79547988ba1d4122a09e2",
                "sha256:4538273208e7294b2659b1602490f4ed3ab1c8cf9dbdd817e0e9db8e64be2507",
                "sha256:5141c13374e6b25fe6bf092052ab55c0c03d21bd66c94a0e3ae371d3e4d865a5",
                "sha256:51a4d210404ac61d32dada00a50ea7ba412e6ea945bbe992e4d7a595276d2ec7",
                "sha256:5cf311a0f5ef80fe73e4f4c0f0998ec08f954a6ec72b746f3c179e37de1d210d",
                "sha256:6513728873f4326999429a8b00fc7ceddb2509b01d5fd3f3be7881a257b8d463",
                "sha256:7388d2ef3c55a8ba80da62ecfafa06a1c097c18032a501ffd4cabbc52d7f2b19",
                "sha256:9456e90649005ad40558f4cf51dbb842e32807df75146c6d940b6f5abb4a78f3",
                "sha256:c026fe9a05130e44157b98fea3ab12969e5b60691a276150db9eda71710cd10b",
                "sha256:d14842362ed4cf63751648e7672f7174c9818459d169231d03c56e84daf90b7c",
                "sha256:e0d072ae0f2a179c375f67e3da300b47e1a83293c554450b29c900e50afaae87",
                "sha256:f07acae137b71af3bb548bd8da720956a3bc9f9a0b87733e0899226a2317aeb7",
                "sha256:fbb77a75e529021e7c4a8d4e823d88ef4d23674a202be4f5addffc72cbb91430",
                "sha256:fcfbb44c59af3f8ea984de67ec7c306f618a3ec771c2843804069917a8f2e255",
                "sha256:feed85993dbdb1dbc29102f50bca65bdc68f2c0c8d352468c25b54874f23c39d"
            ],
            "version": "==4.7.6"
        },
        "netifaces": {
            "hashes": [
                "sha256:078986caf4d6a602a4257d3686afe4544ea74362b8928e9f4389b5cd262bc215",
                "sha256:0c4304c6d5b33fbd9b20fdc369f3a2fef1a8bbacfb6fd05b9708db01333e9e7b",
                "sha256:2dee9ffdd16292878336a58d04a20f0ffe95555465fee7c9bd23b3490ef2abf3",
                "sha256:3095218b66d359092b82f07c5422293c2f6559cf8d36b96b379cc4cdc26eeffa",
                "sha256:30ed89ab8aff715caf9a9d827aa69cd02ad9f6b1896fd3fb4beb998466ed9a3c",
                "sha256:4921ed406386246b84465950d15a4f63480c1458b0979c272364054b29d73084",
                "sha256:563a1a366ee0fb3d96caab79b7ac7abd2c0a0577b157cc5a40301373a0501f89",
                "sha256:5b3167f923f67924b356c1338eb9ba275b2ba8d64c7c2c47cf5b5db49d574994",
                "sha256:6d84e50ec28e5d766c9911dce945412dc5b1ce760757c224c71e1a9759fa80c2",
                "sha256:755050799b5d5aedb1396046f270abfc4befca9ccba3074f3dbbb3cb34f13aae",
                "sha256:75d3a4ec5035db7478520ac547f7c176e9fd438269e795819b67223c486e5cbe",
                "sha256:7a25a8e28281504f0e23e181d7a9ed699c72f061ca6bdfcd96c423c2a89e75fc",
                "sha256:7cc6fd1eca65be588f001005446a47981cbe0b2909f5be8feafef3bf351a4e24",
                "sha256:86b8a140e891bb23c8b9cb1804f1475eb13eea3dbbebef01fcbbf10fbafbee42",
                "sha256:ad10acab2ef691eb29a1cc52c3be5ad1423700e993cc035066049fa72999d0dc",
                "sha256:b2ff3a0a4f991d2da5376efd3365064a43909877e9fabfa801df970771161d29",
                "sha256:b47e8f9ff6846756be3dc3fb242ca8e86752cd35a08e06d54ffc2e2a2aca70ea",
                "sha256:da298241d87bcf468aa0f0705ba14572ad296f24c4fda5055d6988701d6fd8e1",
                "sha256:db881478f1170c6dd524175ba1c83b99d3a6f992a35eca756de0ddc4690a1940",
                "sha256:f0427755c68571df37dc58835e53a4307884a48dec76f3c01e33eb0d4a3a81d7",
                "sha256:f8885cc48c8c7ad51f36c175e462840f163cb4687eeb6c6d7dfaf7197308e36b",
                "sha256:f911b7f0083d445c8d24cfa5b42ad4996e33250400492080f5018a28c026db2b"
            ],
            "version": "==0.10.9"
        },
        "pycparser": {
            "hashes": [
                "sha256:2d475327684562c3a96cc71adf7dc8c4f0565175cf86b6d7a404ff4c771f15f0",
                "sha256:7582ad22678f0fcd81102833f60ef8d0e57288b6b5fb00323d101be910e35705"
            ],
            "version": "==2.20"
        },
        "pyee": {
            "hashes": [
                "sha256:383973b63ad7ed5e3c0311f8b179c52981f9e7b3eaea0e9a830d13ec34dde65f",
                "sha256:92dacc5bd2bdb8f95aa8dd2585d47ca1c4840e2adb95ccf90034d64f725bfd31"
            ],
            "version": "==8.1.0"
        },
        "pylibsrtp": {
            "hashes": [
                "sha256:023f3efa4c4d29b651730086308728b758da295be62593149a7dc14900c6a9e4",
                "sha256:09a76a4f469b4d50f3d70a97e84acd838422f656ed30ae5281d42c6f53ef6fe4",
                "sha256:1c0539f14c776a9fdedd539bf0abcea793cd41cd7294ec1766501e83fe7ef292",
                "sha256:1ce6d26214f15722907324a3075b61b6d83edc0f3419b7ae26fc5a1ba9b1c845",
                "sha256:1ceb7ccb90f8a4435313bdeefe9a7eadaefb49ffdc0fcdcc89d96e9515a29a6a",
                "sha256:1fe18155867138c50798733a75ee68b532d0fb2c3ae35588175104139bcc35d4",
                "sha256:4945b2fc7a78ba43dd49f9f043b82ed4c45b50ff14d0b97254f1a6d7f68b5bdb",
                "sha256:4b73eb930edd614059e598e106338c54ab63ce927fca075fff1d5d5666007fc2",
                "sha256:545e33c6273b7f5b06be8c7e9c64a92468cee9efcfb1b9d1329405e24033aca7",
                "sha256:54e564e907ead1a966ba3da610a12709acb654360adc0b96dee7e31483dfc64e",
                "sha256:5dbd26a13ee95e8aeafed64bce534c7d4f1d4cee9a18f414455351e957cb46d9",
                "sha256:676931c4f49d47018b416d93f13ad387edf346adf536f9a85893ef97cd62100b",
                "sha256:7669f712f425b80fda4547d0107ef6f6f67a45748b0ff9b8a32bddc0fa5052ff",
                "sha256:7b95f5621ab373f1ae76def3c3e38b8cfa850f6592c06d7c3a5ae0b1e665d8ec",
                "sha256:7cec558bef0a57a4cb35d4e8c5334788dea41dcdddd8d3a936e4032e7fac85d4",
                "sha256:85c9e74a9ad4c2aa95ce315c3b6398d81790b700ef62e568ae9d6bc033ff6266",
                "sha256:872f325a0992f0578062f39c233ae98982169ead3f53d1638b3859ef630665ca",
                "sha256:87541de181d153a040a692a970af798f4ab3bf0cfa29795b31eb2fa9f9a6348a",
                "sha256:8db6c882f78cb34abf5c781fdb33f12a8691518f0fb18370ff06b7b2d2ce8b92",
                "sha256:9f7bafdd1e9c9846eb15045afa0d3b0b1a18eacf5bdd3aec03bda5627d2ac30a",
                "sha256:a6a89185d78eae11fb8d5bd967a8e005e5f9a3bfb07f53dbbc03ad92bea4bf7f",
                "sha256:b14aa095d4b860112b8127c1bbc20befacfe14b7f8fcf3cb9ba53b001064d07a",
                "sha256:b20ff485bd151774da4df530fd13c85ba4c0ba420af61f882eb5f0c1f0eb048f",
                "sha256:b83e7fe874fe3dddafc4517a10b82e4e60d34afb8636709e4e32bb28d4880f60",
                "sha256:b9a35faf28677c3d215f4d66773d6af38660059b5d0820e2fc1a054c3a99c915",
                "sha256:ba1720c58fd2823e6b8129ef98df0c42e74773670121effb8c33d7a6f5f38fc4",
                "sha256:c2a5764dd6e6059d12d2fb5b1387e9d5d0f2f010d76c42446f0b44cdcdf82c9f",
                "sha256:debb36f25da904d399fb76165ce8cc9efb95a79dee7fffe50052cad5e938317a",
                "sha256:e2ddf308c7093c9659f40e6eb4afceb3d810ce126c9ff8984441230b742dafe5",
                "sha256:f31eadb1fe69993feb91f56e49fc5248be97d7ede46d80c1767de0cc588b0bac",
                "sha256:fae7c7c74dfce52878c433ec3e44f4ba7653c4db5b83126cdf2dc88981704f5f"
            ],
            "version": "==0.6.7"
        },
        "six": {
            "hashes": [
                "sha256:30639c035cdb23534cd4aa2dd52c3bf48f06e5f4a941509c8bafd8ce11080259",
                "sha256:8b74bedcbbbaca38ff6d7491d76f2b06b3592611af620f8426e82dddb04a5ced"
            ],
            "version": "==1.15.0"
        },
        "yarl": {
            "hashes": [
                "sha256:03b7a44384ad60be1b7be93c2a24dc74895f8d767ea0bce15b2f6fc7695a3843",
                "sha256:076157404db9db4bb3fa9db22db319bbb36d075eeab19ba018ce20ae0cacf037",
                "sha256:1c05ae3d5ea4287470046a2c2754f0a4c171b84ea72c8a691f776eb1753dfb91",
                "sha256:2467baf8233f7c64048df37e11879c553943ffe7f373e689711ec2807ea13805",
                "sha256:2bb2e21cf062dfbe985c3cd4618bae9f25271efcad9e7be1277861247eee9839",
                "sha256:311effab3b3828ab34f0e661bb57ff422f67d5c33056298bda4c12195251f8dd",
                "sha256:3526cb5905907f0e42bee7ef57ae4a5f02bc27dcac27859269e2bba0caa4c2b6",
                "sha256:39b1e586f34b1d2512c9b39aa3cf24c870c972d525e36edc9ee19065db4737bb",
                "sha256:4bed5cd7c8e69551eb19df15295ba90e62b9a6a1149c76eb4a9bab194402a156",
                "sha256:51c6d3cf7a1f1fbe134bb92f33b7affd94d6de24cd64b466eb12de52120fb8c6",
                "sha256:59f78b5da34ddcffb663b772f7619e296518712e022e57fc5d9f921818e2ab7c",
                "sha256:6f29115b0c330da25a04f48612d75333bca04521181a666ca0b8761005a99150",
                "sha256:73d4e1e1ef5e52d526c92f07d16329e1678612c6a81dd8101fdcae11a72de15c",
                "sha256:9b48d31f8d881713fd461abfe7acbb4dcfeb47cec3056aa83f2fbcd2244577f7",
                "sha256:a1fd575dd058e10ad4c35065e7c3007cc74d142f622b14e168d8a273a2fa8713",
                "sha256:b3dd1052afd436ba737e61f5d3bed1f43a7f9a33fc58fbe4226eb919a7006019",
                "sha256:b99c25ed5c355b35d1e6dae87ac7297a4844a57dc5766b173b88b6163a36eb0d",
                "sha256:c056e86bff5a0b566e0d9fab4f67e83b12ae9cbcd250d334cbe2005bbe8c96f2",
                "sha256:c45b49b59a5724869899798e1bbd447ac486215269511d3b76b4c235a1b766b6",
                "sha256:cd623170c729a865037828e3f99f8ebdb22a467177a539680dfc5670b74c84e2",
                "sha256:d25d3311794e6c71b608d7c47651c8f65eea5ab15358a27f29330b3475e8f8e5",
                "sha256:d695439c201ed340745250f9eb4dfe8d32bf1e680c16477107b8f3ce4bff4fdb",
                "sha256:d77f6c9133d2aabb290a7846aaa74ec14d7b5ab35b01591fac5a70c4a8c959a2",
                "sha256:d894a2442d2cd20a3b0b0dce5a353d316c57d25a2b445e03f7eac90eee27b8af",
                "sha256:db643ce2b58a4bd11a82348225c53c76ecdd82bb37cf4c085e6df1b676f4038c",
                "sha256:e3a0c43a26dfed955b2a06fdc4d51d2c51bc2200aff8ce8faf14e676ea8c8862",
                "sha256:e77bf79ad1ccae672eab22453838382fe9029fc27c8029e84913855512a587d8",
                "sha256:f2f0174cb15435957d3b751093f89aede77df59a499ab7516bbb633b77ead13a",
                "sha256:f3031c78edf10315abe232254e6a36b65afe65fded41ee54ed7976d0b2cdf0da",
                "sha256:f4c007156732866aa4507d619fe6f8f2748caabed4f66b276ccd97c82572620c",
                "sha256:f4f27ff3dd80bc7c402def211a47291ea123d59a23f59fe18fc0e81e3e71f385",
                "sha256:f57744fc61e118b5d114ae8077d8eb9df4d2d2c11e2af194e21f0c11ed9dcf6c",
                "sha256:f835015a825980b65356e9520979a1564c56efea7da7d4b68a14d4a07a3a7336"
            ],
            "version": "==1.6.2"
        }
    },
    "develop": {}
}
